github.com/sircoon4/bencodex-go v0.1.0 h1:6D4IWJUwNE9s6pJjAni51oduo+pgfWLgcUWF2F9mtMc=
github.com/sircoon4/bencodex-go v0.1.0/go.mod h1:TdiCg6deWr4AIkrqaDJ3HJlzB8XmSomJZa5sIyADkfw=
github.com/sircoon4/bencodex-go v0.1.1 h1:jyEhpnp666YXcLX6mfUYJvmkn8McgzTQtSyXeiqgG1o=
github.com/sircoon4/bencodex-go v0.1.1/go.mod h1:ww6XR0kFWZ9IEW6x3/e2s3NxozC+Rrr5nvkGxl0irlg=
github.com/sircoon4/module-publish-test-go v0.1.1 h1:w6p+38xvWLH0RiSI+10lGvhEwiafrG1Z76t90IebM7A=
github.com/sircoon4/module-publish-test-go v0.1.1/go.mod h1:OKS4IVgxD6ehD9BfGe5nAz6m3q9+OLFfRQ8B7WmCUlk=
